
Microsoft Visual Studio Solution File, Format Version 12.00
# Visual Studio Version 16
VisualStudioVersion = 16.0.29306.81
MinimumVisualStudioVersion = 10.0.40219.1
Project("{FAE04EC0-301F-11D3-BF4B-00C04F79EFBC}") = "lab6_17", "lab6_17\lab6_17.csproj", "{7C0FFD93-B6BA-4F0B-AE48-F9B36F7EE2ED}"
EndProject
Global
	GlobalSection(SolutionConfigurationPlatforms) = preSolution
		Debug|Any CPU = Debug|Any CPU
		Release|Any CPU = Release|Any CPU
	EndGlobalSection
	GlobalSection(ProjectConfigurationPlatforms) = postSolution
		{7C0FFD93-B6BA-4F0B-AE48-F9B36F7EE2ED}.Debug|Any CPU.ActiveCfg = Debug|Any CPU
		{7C0FFD93-B6BA-4F0B-AE48-F9B36F7EE2ED}.Debug|Any CPU.Build.0 = Debug|Any CPU
		{7C0FFD93-B6BA-4F0B-AE48-F9B36F7EE2ED}.Release|Any CPU.ActiveCfg = Release|Any CPU
		{7C0FFD93-B6BA-4F0B-AE48-F9B36F7EE2ED}.Release|Any CPU.Build.0 = Release|Any CPU
	EndGlobalSection
	GlobalSection(SolutionProperties) = preSolution
		HideSolutionNode = FALSE
	EndGlobalSection
	GlobalSection(ExtensibilityGlobals) = postSolution
		SolutionGuid = {A9815709-4D18-4FE7-B83B-C99FF8F52599}
	EndGlobalSection
EndGlobal
